
Microsoft Visual Studio Solution File, Format Version 12.00
# Visual Studio 15
VisualStudioVersion = 15.0.27130.2003
MinimumVisualStudioVersion = 10.0.40219.1
Project("{9A19103F-16F7-4668-BE54-9A1E7A4F7556}") = "Access", "Access.csproj", "{6C3B873D-9F34-4905-AFA3-6071A9ECD2B7}"
EndProject
Project("{9A19103F-16F7-4668-BE54-9A1E7A4F7556}") = "Messaging.Service", "P:\Visual Studio\Projects\Blackwood.Active\Messaging.Service\Messaging.Service.csproj", "{6C70CA1A-75C7-4468-A2DF-66A62D05806B}"
EndProject
Project("{9A19103F-16F7-4668-BE54-9A1E7A4F7556}") = "Accident.Service", "P:\Visual Studio\Projects\Blackwood.Core\Accident.Service\Accident.Service.csproj", "{88DA245E-157B-4C09-B586-7B3502A23DDA}"
EndProject
Project("{9A19103F-16F7-4668-BE54-9A1E7A4F7556}") = "Data.Models", "P:\Visual Studio\Projects\Blackwood.Core\Data.Models\Data.Models.csproj", "{D9FFCED1-2B15-4834-960F-831AD0264AC3}"
EndProject
Project("{9A19103F-16F7-4668-BE54-9A1E7A4F7556}") = "User.Service", "P:\Visual Studio\Projects\Blackwood.Core\User.Service\User.Service.csproj", "{F79107A6-8A48-482B-B43F-CA4971A255AB}"
EndProject
Project("{9A19103F-16F7-4668-BE54-9A1E7A4F7556}") = "Payroll.Service", "P:\Visual Studio\Projects\Blackwood.Core\Payroll.Service\Payroll.Service.csproj", "{62410AA7-8019-4969-9DD1-F7A60C4E68EB}"
EndProject
Global
	GlobalSection(SolutionConfigurationPlatforms) = preSolution
		Debug|Any CPU = Debug|Any CPU
		Release|Any CPU = Release|Any CPU
	EndGlobalSection
	GlobalSection(ProjectConfigurationPlatforms) = postSolution
		{6C3B873D-9F34-4905-AFA3-6071A9ECD2B7}.Debug|Any CPU.ActiveCfg = Debug|Any CPU
		{6C3B873D-9F34-4905-AFA3-6071A9ECD2B7}.Debug|Any CPU.Build.0 = Debug|Any CPU
		{6C3B873D-9F34-4905-AFA3-6071A9ECD2B7}.Release|Any CPU.ActiveCfg = Release|Any CPU
		{6C3B873D-9F34-4905-AFA3-6071A9ECD2B7}.Release|Any CPU.Build.0 = Release|Any CPU
		{6C70CA1A-75C7-4468-A2DF-66A62D05806B}.Debug|Any CPU.ActiveCfg = Debug|Any CPU
		{6C70CA1A-75C7-4468-A2DF-66A62D05806B}.Debug|Any CPU.Build.0 = Debug|Any CPU
		{6C70CA1A-75C7-4468-A2DF-66A62D05806B}.Release|Any CPU.ActiveCfg = Release|Any CPU
		{6C70CA1A-75C7-4468-A2DF-66A62D05806B}.Release|Any CPU.Build.0 = Release|Any CPU
		{88DA245E-157B-4C09-B586-7B3502A23DDA}.Debug|Any CPU.ActiveCfg = Debug|Any CPU
		{88DA245E-157B-4C09-B586-7B3502A23DDA}.Debug|Any CPU.Build.0 = Debug|Any CPU
		{88DA245E-157B-4C09-B586-7B3502A23DDA}.Release|Any CPU.ActiveCfg = Release|Any CPU
		{88DA245E-157B-4C09-B586-7B3502A23DDA}.Release|Any CPU.Build.0 = Release|Any CPU
		{D9FFCED1-2B15-4834-960F-831AD0264AC3}.Debug|Any CPU.ActiveCfg = Debug|Any CPU
		{D9FFCED1-2B15-4834-960F-831AD0264AC3}.Debug|Any CPU.Build.0 = Debug|Any CPU
		{D9FFCED1-2B15-4834-960F-831AD0264AC3}.Release|Any CPU.ActiveCfg = Release|Any CPU
		{D9FFCED1-2B15-4834-960F-831AD0264AC3}.Release|Any CPU.Build.0 = Release|Any CPU
		{F79107A6-8A48-482B-B43F-CA4971A255AB}.Debug|Any CPU.ActiveCfg = Debug|Any CPU
		{F79107A6-8A48-482B-B43F-CA4971A255AB}.Debug|Any CPU.Build.0 = Debug|Any CPU
		{F79107A6-8A48-482B-B43F-CA4971A255AB}.Release|Any CPU.ActiveCfg = Release|Any CPU
		{F79107A6-8A48-482B-B43F-CA4971A255AB}.Release|Any CPU.Build.0 = Release|Any CPU
		{62410AA7-8019-4969-9DD1-F7A60C4E68EB}.Debug|Any CPU.ActiveCfg = Debug|Any CPU
		{62410AA7-8019-4969-9DD1-F7A60C4E68EB}.Debug|Any CPU.Build.0 = Debug|Any CPU
		{62410AA7-8019-4969-9DD1-F7A60C4E68EB}.Release|Any CPU.ActiveCfg = Release|Any CPU
		{62410AA7-8019-4969-9DD1-F7A60C4E68EB}.Release|Any CPU.Build.0 = Release|Any CPU
	EndGlobalSection
	GlobalSection(SolutionProperties) = preSolution
		HideSolutionNode = FALSE
	EndGlobalSection
	GlobalSection(ExtensibilityGlobals) = postSolution
		SolutionGuid = {AC09F9AC-DE55-4FF3-B814-A99E13EB6493}
	EndGlobalSection
EndGlobal
