
Microsoft Visual Studio Solution File, Format Version 12.00
# Visual Studio 15
VisualStudioVersion = 15.0.27130.2036
MinimumVisualStudioVersion = 10.0.40219.1
Project("{9A19103F-16F7-4668-BE54-9A1E7A4F7556}") = "Access", "Access.csproj", "{6C3B873D-9F34-4905-AFA3-6071A9ECD2B7}"
EndProject
Project("{9A19103F-16F7-4668-BE54-9A1E7A4F7556}") = "Accident.Service", "..\..\Workspaces\Active\Blackwood.Core\Accident.Service\Accident.Service.csproj", "{FC98E12D-46CF-4F73-8BDA-E61329C2E213}"
EndProject
Project("{9A19103F-16F7-4668-BE54-9A1E7A4F7556}") = "Data.Models", "..\..\Workspaces\Active\Blackwood.Core\Data.Models\Data.Models.csproj", "{E825472E-D90D-4080-9936-B8F3CBD009EE}"
EndProject
Project("{9A19103F-16F7-4668-BE54-9A1E7A4F7556}") = "Email.Services", "..\..\Workspaces\Active\Blackwood.Core\Email.Services\Email.Services.csproj", "{E449B98F-1911-40FA-A814-989B0F9DD3A5}"
EndProject
Project("{9A19103F-16F7-4668-BE54-9A1E7A4F7556}") = "Messaging.Service", "..\..\Workspaces\Active\Blackwood.Active\Messaging.Service\Messaging.Service.csproj", "{0CB3CF1F-3389-415A-A823-95C029A28722}"
EndProject
Project("{9A19103F-16F7-4668-BE54-9A1E7A4F7556}") = "Payroll.Service", "..\..\Workspaces\Active\Blackwood.Core\Payroll.Service\Payroll.Service.csproj", "{4827F23B-C08E-4E29-A6DE-AE157E05615C}"
EndProject
Project("{FAE04EC0-301F-11D3-BF4B-00C04F79EFBC}") = "Report.Utils", "..\..\Workspaces\Reporting\Report.Utils\Report.Utils.csproj", "{5534DE7A-6772-429B-826D-CC0C53472767}"
EndProject
Project("{FAE04EC0-301F-11D3-BF4B-00C04F79EFBC}") = "Reporting.Service", "..\..\Workspaces\Reporting\Reporting.Service\Reporting.Service.csproj", "{2D4B422F-0584-4C82-A350-18F776054C08}"
EndProject
Project("{9A19103F-16F7-4668-BE54-9A1E7A4F7556}") = "User.Service", "..\..\Workspaces\Active\Blackwood.Core\User.Service\User.Service.csproj", "{B8057DB9-522E-40D5-A997-0819349E6B84}"
EndProject
Project("{00D1A9C2-B5F0-4AF3-8072-F6C62B433612}") = "Integration", "..\..\Workspaces\SystemsIntegration\IntegrationProjects\Integration\Integration.sqlproj", "{584A1DBD-E9EE-4FA6-BD71-187A6E7AEF3F}"
EndProject
Project("{00D1A9C2-B5F0-4AF3-8072-F6C62B433612}") = "Databases.CARESYS", "..\..\Workspaces\SystemsIntegration\IntegrationProjects\Databases.CARESYS\Databases.CARESYS.sqlproj", "{F13F7F2D-AFBA-40DD-8CA3-B6574C4CE135}"
EndProject
Project("{00D1A9C2-B5F0-4AF3-8072-F6C62B433612}") = "Databases.RosterLive", "..\..\Workspaces\SystemsIntegration\IntegrationProjects\Databases.RosterLive\Databases.RosterLive.sqlproj", "{98C7FE73-481B-44B9-A74D-E220F65D3366}"
EndProject
Project("{00D1A9C2-B5F0-4AF3-8072-F6C62B433612}") = "Databases.uht2011", "..\..\Workspaces\SystemsIntegration\IntegrationProjects\Databases.uht2011\Databases.uht2011.sqlproj", "{E4086286-5721-42F8-B289-638488FBBF08}"
EndProject
Project("{9A19103F-16F7-4668-BE54-9A1E7A4F7556}") = "Care.Services", "..\..\Workspaces\Active\Blackwood.Core\Care.Services\Care.Services.csproj", "{6CEA82A2-F949-41A2-8E7C-F2F73E1C4DD3}"
EndProject
Global
	GlobalSection(SolutionConfigurationPlatforms) = preSolution
		Debug|Any CPU = Debug|Any CPU
		Release|Any CPU = Release|Any CPU
	EndGlobalSection
	GlobalSection(ProjectConfigurationPlatforms) = postSolution
		{6C3B873D-9F34-4905-AFA3-6071A9ECD2B7}.Debug|Any CPU.ActiveCfg = Debug|Any CPU
		{6C3B873D-9F34-4905-AFA3-6071A9ECD2B7}.Debug|Any CPU.Build.0 = Debug|Any CPU
		{6C3B873D-9F34-4905-AFA3-6071A9ECD2B7}.Release|Any CPU.ActiveCfg = Release|Any CPU
		{6C3B873D-9F34-4905-AFA3-6071A9ECD2B7}.Release|Any CPU.Build.0 = Release|Any CPU
		{FC98E12D-46CF-4F73-8BDA-E61329C2E213}.Debug|Any CPU.ActiveCfg = Debug|Any CPU
		{FC98E12D-46CF-4F73-8BDA-E61329C2E213}.Debug|Any CPU.Build.0 = Debug|Any CPU
		{FC98E12D-46CF-4F73-8BDA-E61329C2E213}.Release|Any CPU.ActiveCfg = Release|Any CPU
		{FC98E12D-46CF-4F73-8BDA-E61329C2E213}.Release|Any CPU.Build.0 = Release|Any CPU
		{E825472E-D90D-4080-9936-B8F3CBD009EE}.Debug|Any CPU.ActiveCfg = Debug|Any CPU
		{E825472E-D90D-4080-9936-B8F3CBD009EE}.Debug|Any CPU.Build.0 = Debug|Any CPU
		{E825472E-D90D-4080-9936-B8F3CBD009EE}.Release|Any CPU.ActiveCfg = Release|Any CPU
		{E825472E-D90D-4080-9936-B8F3CBD009EE}.Release|Any CPU.Build.0 = Release|Any CPU
		{E449B98F-1911-40FA-A814-989B0F9DD3A5}.Debug|Any CPU.ActiveCfg = Debug|Any CPU
		{E449B98F-1911-40FA-A814-989B0F9DD3A5}.Debug|Any CPU.Build.0 = Debug|Any CPU
		{E449B98F-1911-40FA-A814-989B0F9DD3A5}.Release|Any CPU.ActiveCfg = Release|Any CPU
		{E449B98F-1911-40FA-A814-989B0F9DD3A5}.Release|Any CPU.Build.0 = Release|Any CPU
		{0CB3CF1F-3389-415A-A823-95C029A28722}.Debug|Any CPU.ActiveCfg = Debug|Any CPU
		{0CB3CF1F-3389-415A-A823-95C029A28722}.Debug|Any CPU.Build.0 = Debug|Any CPU
		{0CB3CF1F-3389-415A-A823-95C029A28722}.Release|Any CPU.ActiveCfg = Release|Any CPU
		{0CB3CF1F-3389-415A-A823-95C029A28722}.Release|Any CPU.Build.0 = Release|Any CPU
		{4827F23B-C08E-4E29-A6DE-AE157E05615C}.Debug|Any CPU.ActiveCfg = Debug|Any CPU
		{4827F23B-C08E-4E29-A6DE-AE157E05615C}.Debug|Any CPU.Build.0 = Debug|Any CPU
		{4827F23B-C08E-4E29-A6DE-AE157E05615C}.Release|Any CPU.ActiveCfg = Release|Any CPU
		{4827F23B-C08E-4E29-A6DE-AE157E05615C}.Release|Any CPU.Build.0 = Release|Any CPU
		{5534DE7A-6772-429B-826D-CC0C53472767}.Debug|Any CPU.ActiveCfg = Debug|Any CPU
		{5534DE7A-6772-429B-826D-CC0C53472767}.Debug|Any CPU.Build.0 = Debug|Any CPU
		{5534DE7A-6772-429B-826D-CC0C53472767}.Release|Any CPU.ActiveCfg = Release|Any CPU
		{5534DE7A-6772-429B-826D-CC0C53472767}.Release|Any CPU.Build.0 = Release|Any CPU
		{2D4B422F-0584-4C82-A350-18F776054C08}.Debug|Any CPU.ActiveCfg = Debug|Any CPU
		{2D4B422F-0584-4C82-A350-18F776054C08}.Debug|Any CPU.Build.0 = Debug|Any CPU
		{2D4B422F-0584-4C82-A350-18F776054C08}.Release|Any CPU.ActiveCfg = Release|Any CPU
		{2D4B422F-0584-4C82-A350-18F776054C08}.Release|Any CPU.Build.0 = Release|Any CPU
		{B8057DB9-522E-40D5-A997-0819349E6B84}.Debug|Any CPU.ActiveCfg = Debug|Any CPU
		{B8057DB9-522E-40D5-A997-0819349E6B84}.Debug|Any CPU.Build.0 = Debug|Any CPU
		{B8057DB9-522E-40D5-A997-0819349E6B84}.Release|Any CPU.ActiveCfg = Release|Any CPU
		{B8057DB9-522E-40D5-A997-0819349E6B84}.Release|Any CPU.Build.0 = Release|Any CPU
		{584A1DBD-E9EE-4FA6-BD71-187A6E7AEF3F}.Debug|Any CPU.ActiveCfg = Debug|Any CPU
		{584A1DBD-E9EE-4FA6-BD71-187A6E7AEF3F}.Debug|Any CPU.Build.0 = Debug|Any CPU
		{584A1DBD-E9EE-4FA6-BD71-187A6E7AEF3F}.Debug|Any CPU.Deploy.0 = Debug|Any CPU
		{584A1DBD-E9EE-4FA6-BD71-187A6E7AEF3F}.Release|Any CPU.ActiveCfg = Release|Any CPU
		{584A1DBD-E9EE-4FA6-BD71-187A6E7AEF3F}.Release|Any CPU.Build.0 = Release|Any CPU
		{584A1DBD-E9EE-4FA6-BD71-187A6E7AEF3F}.Release|Any CPU.Deploy.0 = Release|Any CPU
		{F13F7F2D-AFBA-40DD-8CA3-B6574C4CE135}.Debug|Any CPU.ActiveCfg = Debug|Any CPU
		{F13F7F2D-AFBA-40DD-8CA3-B6574C4CE135}.Debug|Any CPU.Build.0 = Debug|Any CPU
		{F13F7F2D-AFBA-40DD-8CA3-B6574C4CE135}.Debug|Any CPU.Deploy.0 = Debug|Any CPU
		{F13F7F2D-AFBA-40DD-8CA3-B6574C4CE135}.Release|Any CPU.ActiveCfg = Release|Any CPU
		{F13F7F2D-AFBA-40DD-8CA3-B6574C4CE135}.Release|Any CPU.Build.0 = Release|Any CPU
		{F13F7F2D-AFBA-40DD-8CA3-B6574C4CE135}.Release|Any CPU.Deploy.0 = Release|Any CPU
		{98C7FE73-481B-44B9-A74D-E220F65D3366}.Debug|Any CPU.ActiveCfg = Debug|Any CPU
		{98C7FE73-481B-44B9-A74D-E220F65D3366}.Debug|Any CPU.Build.0 = Debug|Any CPU
		{98C7FE73-481B-44B9-A74D-E220F65D3366}.Debug|Any CPU.Deploy.0 = Debug|Any CPU
		{98C7FE73-481B-44B9-A74D-E220F65D3366}.Release|Any CPU.ActiveCfg = Release|Any CPU
		{98C7FE73-481B-44B9-A74D-E220F65D3366}.Release|Any CPU.Build.0 = Release|Any CPU
		{98C7FE73-481B-44B9-A74D-E220F65D3366}.Release|Any CPU.Deploy.0 = Release|Any CPU
		{E4086286-5721-42F8-B289-638488FBBF08}.Debug|Any CPU.ActiveCfg = Debug|Any CPU
		{E4086286-5721-42F8-B289-638488FBBF08}.Debug|Any CPU.Build.0 = Debug|Any CPU
		{E4086286-5721-42F8-B289-638488FBBF08}.Debug|Any CPU.Deploy.0 = Debug|Any CPU
		{E4086286-5721-42F8-B289-638488FBBF08}.Release|Any CPU.ActiveCfg = Release|Any CPU
		{E4086286-5721-42F8-B289-638488FBBF08}.Release|Any CPU.Build.0 = Release|Any CPU
		{E4086286-5721-42F8-B289-638488FBBF08}.Release|Any CPU.Deploy.0 = Release|Any CPU
		{6CEA82A2-F949-41A2-8E7C-F2F73E1C4DD3}.Debug|Any CPU.ActiveCfg = Debug|Any CPU
		{6CEA82A2-F949-41A2-8E7C-F2F73E1C4DD3}.Debug|Any CPU.Build.0 = Debug|Any CPU
		{6CEA82A2-F949-41A2-8E7C-F2F73E1C4DD3}.Release|Any CPU.ActiveCfg = Release|Any CPU
		{6CEA82A2-F949-41A2-8E7C-F2F73E1C4DD3}.Release|Any CPU.Build.0 = Release|Any CPU
	EndGlobalSection
	GlobalSection(SolutionProperties) = preSolution
		HideSolutionNode = FALSE
	EndGlobalSection
	GlobalSection(ExtensibilityGlobals) = postSolution
		SolutionGuid = {AC09F9AC-DE55-4FF3-B814-A99E13EB6493}
	EndGlobalSection
	GlobalSection(TeamFoundationVersionControl) = preSolution
		SccNumberOfProjects = 12
		SccEnterpriseProvider = {4CA58AB2-18FA-4F8D-95D4-32DDF27D184C}
		SccTeamFoundationServer = https://blackwoodgrp.visualstudio.com/
		SccProjectUniqueName0 = ..\\..\\Workspaces\\Reporting\\Report.Utils\\Report.Utils.csproj
		SccProjectName0 = $/Reporting/Report.Utils
		SccAuxPath0 = https://blackwoodgrp.visualstudio.com
		SccLocalPath0 = ..\\..\\Workspaces\\Reporting\\Report.Utils
		SccProvider0 = {4CA58AB2-18FA-4F8D-95D4-32DDF27D184C}
		SccProjectUniqueName1 = ..\\..\\Workspaces\\Reporting\\Reporting.Service\\Reporting.Service.csproj
		SccProjectName1 = $/Reporting/Reporting.Service
		SccAuxPath1 = https://blackwoodgrp.visualstudio.com
		SccLocalPath1 = ..\\..\\Workspaces\\Reporting\\Reporting.Service
		SccProvider1 = {4CA58AB2-18FA-4F8D-95D4-32DDF27D184C}
		SccProjectUniqueName2 = ..\\..\\Workspaces\\Active\\Blackwood.Core\\Data.Models\\Data.Models.csproj
		SccProjectName2 = $/Active/Blackwood.Core/Data.Models
		SccAuxPath2 = https://blackwoodgrp.visualstudio.com
		SccLocalPath2 = ..\\..\\Workspaces\\Active\\Blackwood.Core\\Data.Models
		SccProvider2 = {4CA58AB2-18FA-4F8D-95D4-32DDF27D184C}
		SccProjectUniqueName3 = ..\\..\\Workspaces\\Active\\Blackwood.Core\\Email.Services\\Email.Services.csproj
		SccProjectName3 = $/Active/Blackwood.Core/Email.Services
		SccAuxPath3 = https://blackwoodgrp.visualstudio.com
		SccLocalPath3 = ..\\..\\Workspaces\\Active\\Blackwood.Core\\Email.Services
		SccProvider3 = {4CA58AB2-18FA-4F8D-95D4-32DDF27D184C}
		SccProjectUniqueName4 = ..\\..\\Workspaces\\Active\\Blackwood.Active\\Messaging.Service\\Messaging.Service.csproj
		SccProjectName4 = $/Active/Blackwood.Active/Messaging.Service
		SccAuxPath4 = https://blackwoodgrp.visualstudio.com
		SccLocalPath4 = ..\\..\\Workspaces\\Active\\Blackwood.Active\\Messaging.Service
		SccProvider4 = {4CA58AB2-18FA-4F8D-95D4-32DDF27D184C}
		SccProjectUniqueName5 = ..\\..\\Workspaces\\Active\\Blackwood.Core\\Payroll.Service\\Payroll.Service.csproj
		SccProjectName5 = $/Active/Blackwood.Core/Payroll.Service
		SccAuxPath5 = https://blackwoodgrp.visualstudio.com
		SccLocalPath5 = ..\\..\\Workspaces\\Active\\Blackwood.Core\\Payroll.Service
		SccProvider5 = {4CA58AB2-18FA-4F8D-95D4-32DDF27D184C}
		SccProjectUniqueName6 = ..\\..\\Workspaces\\Active\\Blackwood.Core\\User.Service\\User.Service.csproj
		SccProjectName6 = $/Active/Blackwood.Core/User.Service
		SccAuxPath6 = https://blackwoodgrp.visualstudio.com
		SccLocalPath6 = ..\\..\\Workspaces\\Active\\Blackwood.Core\\User.Service
		SccProvider6 = {4CA58AB2-18FA-4F8D-95D4-32DDF27D184C}
		SccProjectUniqueName7 = ..\\..\\Workspaces\\SystemsIntegration\\IntegrationProjects\\Integration\\Integration.sqlproj
		SccProjectName7 = $/SystemsIntegration/IntegrationProjects/Integration
		SccAuxPath7 = https://blackwoodgrp.visualstudio.com
		SccLocalPath7 = ..\\..\\Workspaces\\SystemsIntegration\\IntegrationProjects\\Integration
		SccProvider7 = {4CA58AB2-18FA-4F8D-95D4-32DDF27D184C}
		SccProjectUniqueName8 = ..\\..\\Workspaces\\SystemsIntegration\\IntegrationProjects\\Databases.CARESYS\\Databases.CARESYS.sqlproj
		SccProjectName8 = $/SystemsIntegration/IntegrationProjects/Databases.CARESYS
		SccAuxPath8 = https://blackwoodgrp.visualstudio.com
		SccLocalPath8 = ..\\..\\Workspaces\\SystemsIntegration\\IntegrationProjects\\Databases.CARESYS
		SccProvider8 = {4CA58AB2-18FA-4F8D-95D4-32DDF27D184C}
		SccProjectUniqueName9 = ..\\..\\Workspaces\\SystemsIntegration\\IntegrationProjects\\Databases.RosterLive\\Databases.RosterLive.sqlproj
		SccProjectName9 = $/SystemsIntegration/IntegrationProjects/Databases.RosterLive
		SccAuxPath9 = https://blackwoodgrp.visualstudio.com
		SccLocalPath9 = ..\\..\\Workspaces\\SystemsIntegration\\IntegrationProjects\\Databases.RosterLive
		SccProvider9 = {4CA58AB2-18FA-4F8D-95D4-32DDF27D184C}
		SccProjectUniqueName10 = ..\\..\\Workspaces\\SystemsIntegration\\IntegrationProjects\\Databases.uht2011\\Databases.uht2011.sqlproj
		SccProjectName10 = $/SystemsIntegration/IntegrationProjects/Databases.uht2011
		SccAuxPath10 = https://blackwoodgrp.visualstudio.com
		SccLocalPath10 = ..\\..\\Workspaces\\SystemsIntegration\\IntegrationProjects\\Databases.uht2011
		SccProvider10 = {4CA58AB2-18FA-4F8D-95D4-32DDF27D184C}
		SccProjectUniqueName11 = ..\\..\\Workspaces\\Active\\Blackwood.Core\\Care.Services\\Care.Services.csproj
		SccProjectName11 = $/Active/Blackwood.Core/Care.Services
		SccAuxPath11 = https://blackwoodgrp.visualstudio.com
		SccLocalPath11 = ..\\..\\Workspaces\\Active\\Blackwood.Core\\Care.Services
		SccProvider11 = {4CA58AB2-18FA-4F8D-95D4-32DDF27D184C}
	EndGlobalSection
EndGlobal
